
Microsoft Visual Studio Solution File, Format Version 12.00
# Visual Studio Version 16
VisualStudioVersion = 16.0.30709.64
MinimumVisualStudioVersion = 10.0.40219.1
Project("{FAE04EC0-301F-11D3-BF4B-00C04F79EFBC}") = "BlazorSignalRApp.Server", "BlazorSignalRApp\Server\BlazorSignalRApp.Server.csproj", "{66BF3C69-91A6-456E-9572-6733E0D9FB8A}"
EndProject
Project("{FAE04EC0-301F-11D3-BF4B-00C04F79EFBC}") = "BlazorSignalRApp.Client", "BlazorSignalRApp\Client\BlazorSignalRApp.Client.csproj", "{EB3FB2C9-5BC4-4004-9149-E761D6A7FA0A}"
EndProject
Project("{FAE04EC0-301F-11D3-BF4B-00C04F79EFBC}") = "BlazorSignalRApp.Shared", "BlazorSignalRApp\Shared\BlazorSignalRApp.Shared.csproj", "{95439E3E-5720-47F3-AEA5-43961B99538B}"
EndProject
Global
	GlobalSection(SolutionConfigurationPlatforms) = preSolution
		Debug|Any CPU = Debug|Any CPU
		Release|Any CPU = Release|Any CPU
	EndGlobalSection
	GlobalSection(ProjectConfigurationPlatforms) = postSolution
		{66BF3C69-91A6-456E-9572-6733E0D9FB8A}.Debug|Any CPU.ActiveCfg = Debug|Any CPU
		{66BF3C69-91A6-456E-9572-6733E0D9FB8A}.Debug|Any CPU.Build.0 = Debug|Any CPU
		{66BF3C69-91A6-456E-9572-6733E0D9FB8A}.Release|Any CPU.ActiveCfg = Release|Any CPU
		{66BF3C69-91A6-456E-9572-6733E0D9FB8A}.Release|Any CPU.Build.0 = Release|Any CPU
		{EB3FB2C9-5BC4-4004-9149-E761D6A7FA0A}.Debug|Any CPU.ActiveCfg = Debug|Any CPU
		{EB3FB2C9-5BC4-4004-9149-E761D6A7FA0A}.Debug|Any CPU.Build.0 = Debug|Any CPU
		{EB3FB2C9-5BC4-4004-9149-E761D6A7FA0A}.Release|Any CPU.ActiveCfg = Release|Any CPU
		{EB3FB2C9-5BC4-4004-9149-E761D6A7FA0A}.Release|Any CPU.Build.0 = Release|Any CPU
		{95439E3E-5720-47F3-AEA5-43961B99538B}.Debug|Any CPU.ActiveCfg = Debug|Any CPU
		{95439E3E-5720-47F3-AEA5-43961B99538B}.Debug|Any CPU.Build.0 = Debug|Any CPU
		{95439E3E-5720-47F3-AEA5-43961B99538B}.Release|Any CPU.ActiveCfg = Release|Any CPU
		{95439E3E-5720-47F3-AEA5-43961B99538B}.Release|Any CPU.Build.0 = Release|Any CPU
	EndGlobalSection
	GlobalSection(SolutionProperties) = preSolution
		HideSolutionNode = FALSE
	EndGlobalSection
	GlobalSection(ExtensibilityGlobals) = postSolution
		SolutionGuid = {0CB9E825-F2A1-417B-AD4D-6D69A1AC7CF8}
	EndGlobalSection
EndGlobal
